
Microsoft Visual Studio Solution File, Format Version 12.00
# Visual Studio Version 17
VisualStudioVersion = 17.14.36705.20 d17.14
MinimumVisualStudioVersion = 10.0.40219.1
Project("{FAE04EC0-301F-11D3-BF4B-00C04F79EFBC}") = "AsystentNieruchomosci.Api", "src\AsystentNieruchomosci.Api\AsystentNieruchomosci.Api.csproj", "{1225D0F6-9041-48D5-AB4A-058A8F88A924}"
EndProject
Project("{FAE04EC0-301F-11D3-BF4B-00C04F79EFBC}") = "AsystentNieruchomosci.Domain", "src\AsystentNieruchomosci.Domain\AsystentNieruchomosci.Domain.csproj", "{F4223A4F-5ADD-4E66-8E11-00F3939DC3CD}"
EndProject
Project("{FAE04EC0-301F-11D3-BF4B-00C04F79EFBC}") = "AsystentNieruchomosci.Application", "src\AsystentNieruchomosci.Application\AsystentNieruchomosci.Application.csproj", "{32130E3D-29BA-4480-9E21-53390CD4DDB1}"
EndProject
Project("{FAE04EC0-301F-11D3-BF4B-00C04F79EFBC}") = "AsystentNieruchomosci.Infrastructure", "src\AsystentNieruchomosci.Infrastructure\AsystentNieruchomosci.Infrastructure.csproj", "{4CECE452-DF30-465D-8AFA-E28D3FE1D8B7}"
EndProject
Global
	GlobalSection(SolutionConfigurationPlatforms) = preSolution
		Debug|Any CPU = Debug|Any CPU
		Release|Any CPU = Release|Any CPU
	EndGlobalSection
	GlobalSection(ProjectConfigurationPlatforms) = postSolution
		{1225D0F6-9041-48D5-AB4A-058A8F88A924}.Debug|Any CPU.ActiveCfg = Debug|Any CPU
		{1225D0F6-9041-48D5-AB4A-058A8F88A924}.Debug|Any CPU.Build.0 = Debug|Any CPU
		{1225D0F6-9041-48D5-AB4A-058A8F88A924}.Release|Any CPU.ActiveCfg = Release|Any CPU
		{1225D0F6-9041-48D5-AB4A-058A8F88A924}.Release|Any CPU.Build.0 = Release|Any CPU
		{F4223A4F-5ADD-4E66-8E11-00F3939DC3CD}.Debug|Any CPU.ActiveCfg = Debug|Any CPU
		{F4223A4F-5ADD-4E66-8E11-00F3939DC3CD}.Debug|Any CPU.Build.0 = Debug|Any CPU
		{F4223A4F-5ADD-4E66-8E11-00F3939DC3CD}.Release|Any CPU.ActiveCfg = Release|Any CPU
		{F4223A4F-5ADD-4E66-8E11-00F3939DC3CD}.Release|Any CPU.Build.0 = Release|Any CPU
		{32130E3D-29BA-4480-9E21-53390CD4DDB1}.Debug|Any CPU.ActiveCfg = Debug|Any CPU
		{32130E3D-29BA-4480-9E21-53390CD4DDB1}.Debug|Any CPU.Build.0 = Debug|Any CPU
		{32130E3D-29BA-4480-9E21-53390CD4DDB1}.Release|Any CPU.ActiveCfg = Release|Any CPU
		{32130E3D-29BA-4480-9E21-53390CD4DDB1}.Release|Any CPU.Build.0 = Release|Any CPU
		{4CECE452-DF30-465D-8AFA-E28D3FE1D8B7}.Debug|Any CPU.ActiveCfg = Debug|Any CPU
		{4CECE452-DF30-465D-8AFA-E28D3FE1D8B7}.Debug|Any CPU.Build.0 = Debug|Any CPU
		{4CECE452-DF30-465D-8AFA-E28D3FE1D8B7}.Release|Any CPU.ActiveCfg = Release|Any CPU
		{4CECE452-DF30-465D-8AFA-E28D3FE1D8B7}.Release|Any CPU.Build.0 = Release|Any CPU
	EndGlobalSection
	GlobalSection(SolutionProperties) = preSolution
		HideSolutionNode = FALSE
	EndGlobalSection
	GlobalSection(ExtensibilityGlobals) = postSolution
		SolutionGuid = {AE882A31-C5AE-4940-9C01-1AC6D7A4649B}
	EndGlobalSection
EndGlobal
